Microsoft Visual Studio Solution File, Format Version 12.00
# Visual Studio 2012
Project("{FAE04EC0-301F-11D3-BF4B-00C04F79EFBC}") = "MechGrinder", "MechGrinder.csproj", "{64BF3F4A-B9DD-461C-BF25-7EE5F72B49B0}"
EndProject
Global
	GlobalSection(SolutionConfigurationPlatforms) = preSolution
	Debug|Any CPU = Debug|Any CPU
	ExportDebug|Any CPU = ExportDebug|Any CPU
	ExportRelease|Any CPU = ExportRelease|Any CPU
	EndGlobalSection
	GlobalSection(ProjectConfigurationPlatforms) = postSolution
		{64BF3F4A-B9DD-461C-BF25-7EE5F72B49B0}.Debug|Any CPU.ActiveCfg = Debug|Any CPU
		{64BF3F4A-B9DD-461C-BF25-7EE5F72B49B0}.Debug|Any CPU.Build.0 = Debug|Any CPU
		{64BF3F4A-B9DD-461C-BF25-7EE5F72B49B0}.ExportDebug|Any CPU.ActiveCfg = ExportDebug|Any CPU
		{64BF3F4A-B9DD-461C-BF25-7EE5F72B49B0}.ExportDebug|Any CPU.Build.0 = ExportDebug|Any CPU
		{64BF3F4A-B9DD-461C-BF25-7EE5F72B49B0}.ExportRelease|Any CPU.ActiveCfg = ExportRelease|Any CPU
		{64BF3F4A-B9DD-461C-BF25-7EE5F72B49B0}.ExportRelease|Any CPU.Build.0 = ExportRelease|Any CPU
	EndGlobalSection
EndGlobal
